
Microsoft Visual Studio Solution File, Format Version 12.00
# Visual Studio Version 17
VisualStudioVersion = 17.2.32516.85
MinimumVisualStudioVersion = 10.0.40219.1
Project("{F184B08F-C81C-45F6-A57F-5ABD9991F28F}") = "Messing Around", "Messing Around.vbproj", "{83B25A82-38F7-4810-B8CA-45E496B06387}"
EndProject
Global
	GlobalSection(SolutionConfigurationPlatforms) = preSolution
		Debug|Any CPU = Debug|Any CPU
		Release|Any CPU = Release|Any CPU
	EndGlobalSection
	GlobalSection(ProjectConfigurationPlatforms) = postSolution
		{83B25A82-38F7-4810-B8CA-45E496B06387}.Debug|Any CPU.ActiveCfg = Debug|Any CPU
		{83B25A82-38F7-4810-B8CA-45E496B06387}.Debug|Any CPU.Build.0 = Debug|Any CPU
		{83B25A82-38F7-4810-B8CA-45E496B06387}.Release|Any CPU.ActiveCfg = Release|Any CPU
		{83B25A82-38F7-4810-B8CA-45E496B06387}.Release|Any CPU.Build.0 = Release|Any CPU
	EndGlobalSection
	GlobalSection(SolutionProperties) = preSolution
		HideSolutionNode = FALSE
	EndGlobalSection
	GlobalSection(ExtensibilityGlobals) = postSolution
		SolutionGuid = {959E64F7-1025-42EF-AFB6-ACF9357E4FB9}
	EndGlobalSection
EndGlobal
